
Microsoft Visual Studio Solution File, Format Version 12.00
# Visual Studio Version 17
VisualStudioVersion = 17.7.34031.279
MinimumVisualStudioVersion = 10.0.40219.1
Project("{FAE04EC0-301F-11D3-BF4B-00C04F79EFBC}") = "DPWebAPI", "DPWebAPI\DPWebAPI.csproj", "{D902A03C-5504-42F8-9A3C-E5A1CD38873B}"
EndProject
Global
	GlobalSection(SolutionConfigurationPlatforms) = preSolution
		Debug|Any CPU = Debug|Any CPU
		Release|Any CPU = Release|Any CPU
	EndGlobalSection
	GlobalSection(ProjectConfigurationPlatforms) = postSolution
		{D902A03C-5504-42F8-9A3C-E5A1CD38873B}.Debug|Any CPU.ActiveCfg = Debug|Any CPU
		{D902A03C-5504-42F8-9A3C-E5A1CD38873B}.Debug|Any CPU.Build.0 = Debug|Any CPU
		{D902A03C-5504-42F8-9A3C-E5A1CD38873B}.Release|Any CPU.ActiveCfg = Release|Any CPU
		{D902A03C-5504-42F8-9A3C-E5A1CD38873B}.Release|Any CPU.Build.0 = Release|Any CPU
	EndGlobalSection
	GlobalSection(SolutionProperties) = preSolution
		HideSolutionNode = FALSE
	EndGlobalSection
	GlobalSection(ExtensibilityGlobals) = postSolution
		SolutionGuid = {E9E6C5F3-E39F-4513-8530-5BF8A4F0DFC7}
	EndGlobalSection
EndGlobal
